
Microsoft Visual Studio Solution File, Format Version 12.00
# Visual Studio Version 17
VisualStudioVersion = 17.14.36408.4 d17.14
MinimumVisualStudioVersion = 10.0.40219.1
Project("{FAE04EC0-301F-11D3-BF4B-00C04F79EFBC}") = "ModbusSimulator", "Modbus-Developer-Toolkit\ModbusSimulator.csproj", "{1A1548F5-2B08-44D1-924C-91C850A4AA71}"
EndProject
Global
	GlobalSection(SolutionConfigurationPlatforms) = preSolution
		Debug|Any CPU = Debug|Any CPU
		Debug|x64 = Debug|x64
		Release|Any CPU = Release|Any CPU
		Release|x64 = Release|x64
	EndGlobalSection
	GlobalSection(ProjectConfigurationPlatforms) = postSolution
		{1A1548F5-2B08-44D1-924C-91C850A4AA71}.Debug|Any CPU.ActiveCfg = Debug|Any CPU
		{1A1548F5-2B08-44D1-924C-91C850A4AA71}.Debug|Any CPU.Build.0 = Debug|Any CPU
		{1A1548F5-2B08-44D1-924C-91C850A4AA71}.Debug|x64.ActiveCfg = Debug|x64
		{1A1548F5-2B08-44D1-924C-91C850A4AA71}.Debug|x64.Build.0 = Debug|x64
		{1A1548F5-2B08-44D1-924C-91C850A4AA71}.Release|Any CPU.ActiveCfg = Release|Any CPU
		{1A1548F5-2B08-44D1-924C-91C850A4AA71}.Release|Any CPU.Build.0 = Release|Any CPU
		{1A1548F5-2B08-44D1-924C-91C850A4AA71}.Release|x64.ActiveCfg = Release|x64
		{1A1548F5-2B08-44D1-924C-91C850A4AA71}.Release|x64.Build.0 = Release|x64
	EndGlobalSection
	GlobalSection(SolutionProperties) = preSolution
		HideSolutionNode = FALSE
	EndGlobalSection
	GlobalSection(ExtensibilityGlobals) = postSolution
		SolutionGuid = {6AFB3FC6-F968-4915-80BA-4BEA749DD4A6}
	EndGlobalSection
EndGlobal
